// !$*UTF8*$!
{
	archiveVersion = 1;
	classes = {
	};
	objectVersion = 46;
	objects = {

/* Begin PBXBuildFile section */
		CD355D931D76BE3900AADBBC /* main.m in Sources */ = {isa = PBXBuildFile; fileRef = CD355D921D76BE3900AADBBC /* main.m */; };
		CD355D961D76BE3900AADBBC /* AppDelegate.m in Sources */ = {isa = PBXBuildFile; fileRef = CD355D951D76BE3900AADBBC /* AppDelegate.m */; };
		CD355D981D76BE3900AADBBC /* Assets.xcassets in Resources */ = {isa = PBXBuildFile; fileRef = CD355D971D76BE3900AADBBC /* Assets.xcassets */; };
		CD355D9B1D76BE3900AADBBC /* LaunchScreen.storyboard in Resources */ = {isa = PBXBuildFile; fileRef = CD355D991D76BE3900AADBBC /* LaunchScreen.storyboard */; };
		CD355DA41D76BE5B00AADBBC /* RootViewController.m in Sources */ = {isa = PBXBuildFile; fileRef = CD355DA31D76BE5B00AADBBC /* RootViewController.m */; };
		CD355DB51D76BF6F00AADBBC /* ArchiveFile.m in Sources */ = {isa = PBXBuildFile; fileRef = CD355DA71D76BF6F00AADBBC /* ArchiveFile.m */; };
		CD355DB61D76BF6F00AADBBC /* ImageTextAttachment.m in Sources */ = {isa = PBXBuildFile; fileRef = CD355DA91D76BF6F00AADBBC /* ImageTextAttachment.m */; };
		CD355DB71D76BF6F00AADBBC /* NSAttributedString+html.m in Sources */ = {isa = PBXBuildFile; fileRef = CD355DAB1D76BF6F00AADBBC /* NSAttributedString+html.m */; };
		CD355DB81D76BF6F00AADBBC /* NSAttributedString+RichText.m in Sources */ = {isa = PBXBuildFile; fileRef = CD355DAD1D76BF6F00AADBBC /* NSAttributedString+RichText.m */; };
		CD355DB91D76BF6F00AADBBC /* NSString+Regular.m in Sources */ = {isa = PBXBuildFile; fileRef = CD355DAF1D76BF6F00AADBBC /* NSString+Regular.m */; };
		CD355DBA1D76BF6F00AADBBC /* PictureModel.m in Sources */ = {isa = PBXBuildFile; fileRef = CD355DB11D76BF6F00AADBBC /* PictureModel.m */; };
		CD355DBB1D76BF6F00AADBBC /* UIColor+HEX.m in Sources */ = {isa = PBXBuildFile; fileRef = CD355DB41D76BF6F00AADBBC /* UIColor+HEX.m */; };
		CD355DBE1D76BFAB00AADBBC /* SXRichViewEdit.m in Sources */ = {isa = PBXBuildFile; fileRef = CD355DBD1D76BFAB00AADBBC /* SXRichViewEdit.m */; };
		CD355DC31D76CA1A00AADBBC /* NSJSON+Extension.m in Sources */ = {isa = PBXBuildFile; fileRef = CD355DC01D76CA1A00AADBBC /* NSJSON+Extension.m */; };
/* End PBXBuildFile section */

/* Begin PBXFileReference section */
		CD355D8E1D76BE3900AADBBC /* Demo.app */ = {isa = PBXFileReference; explicitFileType = wrapper.application; includeInIndex = 0; path = Demo.app; sourceTree = BUILT_PRODUCTS_DIR; };
		CD355D921D76BE3900AADBBC /* main.m */ = {isa = PBXFileReference; lastKnownFileType = sourcecode.c.objc; path = main.m; sourceTree = "<group>"; };
		CD355D941D76BE3900AADBBC /* AppDelegate.h */ = {isa = PBXFileReference; lastKnownFileType = sourcecode.c.h; path = AppDelegate.h; sourceTree = "<group>"; };
		CD355D951D76BE3900AADBBC /* AppDelegate.m */ = {isa = PBXFileReference; lastKnownFileType = sourcecode.c.objc; path = AppDelegate.m; sourceTree = "<group>"; };
		CD355D971D76BE3900AADBBC /* Assets.xcassets */ = {isa = PBXFileReference; lastKnownFileType = folder.assetcatalog; path = Assets.xcassets; sourceTree = "<group>"; };
		CD355D9A1D76BE3900AADBBC /* Base */ = {isa = PBXFileReference; lastKnownFileType = file.storyboard; name = Base; path = Base.lproj/LaunchScreen.storyboard; sourceTree = "<group>"; };
		CD355D9C1D76BE3900AADBBC /* Info.plist */ = {isa = PBXFileReference; lastKnownFileType = text.plist.xml; path = Info.plist; sourceTree = "<group>"; };
		CD355DA21D76BE5B00AADBBC /* RootViewController.h */ = {isa = PBXFileReference; fileEncoding = 4; lastKnownFileType = sourcecode.c.h; path = RootViewController.h; sourceTree = "<group>"; };
		CD355DA31D76BE5B00AADBBC /* RootViewController.m */ = {isa = PBXFileReference; fileEncoding = 4; lastKnownFileType = sourcecode.c.objc; path = RootViewController.m; sourceTree = "<group>"; };
		CD355DA61D76BF6F00AADBBC /* ArchiveFile.h */ = {isa = PBXFileReference; fileEncoding = 4; lastKnownFileType = sourcecode.c.h; path = ArchiveFile.h; sourceTree = "<group>"; };
		CD355DA71D76BF6F00AADBBC /* ArchiveFile.m */ = {isa = PBXFileReference; fileEncoding = 4; lastKnownFileType = sourcecode.c.objc; path = ArchiveFile.m; sourceTree = "<group>"; };
		CD355DA81D76BF6F00AADBBC /* ImageTextAttachment.h */ = {isa = PBXFileReference; fileEncoding = 4; lastKnownFileType = sourcecode.c.h; path = ImageTextAttachment.h; sourceTree = "<group>"; };
		CD355DA91D76BF6F00AADBBC /* ImageTextAttachment.m */ = {isa = PBXFileReference; fileEncoding = 4; lastKnownFileType = sourcecode.c.objc; path = ImageTextAttachment.m; sourceTree = "<group>"; };
		CD355DAA1D76BF6F00AADBBC /* NSAttributedString+html.h */ = {isa = PBXFileReference; fileEncoding = 4; lastKnownFileType = sourcecode.c.h; path = "NSAttributedString+html.h"; sourceTree = "<group>"; };
		CD355DAB1D76BF6F00AADBBC /* NSAttributedString+html.m */ = {isa = PBXFileReference; fileEncoding = 4; lastKnownFileType = sourcecode.c.objc; path = "NSAttributedString+html.m"; sourceTree = "<group>"; };
		CD355DAC1D76BF6F00AADBBC /* NSAttributedString+RichText.h */ = {isa = PBXFileReference; fileEncoding = 4; lastKnownFileType = sourcecode.c.h; path = "NSAttributedString+RichText.h"; sourceTree = "<group>"; };
		CD355DAD1D76BF6F00AADBBC /* NSAttributedString+RichText.m */ = {isa = PBXFileReference; fileEncoding = 4; lastKnownFileType = sourcecode.c.objc; path = "NSAttributedString+RichText.m"; sourceTree = "<group>"; };
		CD355DAE1D76BF6F00AADBBC /* NSString+Regular.h */ = {isa = PBXFileReference; fileEncoding = 4; lastKnownFileType = sourcecode.c.h; path = "NSString+Regular.h"; sourceTree = "<group>"; };
		CD355DAF1D76BF6F00AADBBC /* NSString+Regular.m */ = {isa = PBXFileReference; fileEncoding = 4; lastKnownFileType = sourcecode.c.objc; path = "NSString+Regular.m"; sourceTree = "<group>"; };
		CD355DB01D76BF6F00AADBBC /* PictureModel.h */ = {isa = PBXFileReference; fileEncoding = 4; lastKnownFileType = sourcecode.c.h; path = PictureModel.h; sourceTree = "<group>"; };
		CD355DB11D76BF6F00AADBBC /* PictureModel.m */ = {isa = PBXFileReference; fileEncoding = 4; lastKnownFileType = sourcecode.c.objc; path = PictureModel.m; sourceTree = "<group>"; };
		CD355DB21D76BF6F00AADBBC /* SXRich.h */ = {isa = PBXFileReference; fileEncoding = 4; lastKnownFileType = sourcecode.c.h; path = SXRich.h; sourceTree = "<group>"; };
		CD355DB31D76BF6F00AADBBC /* UIColor+HEX.h */ = {isa = PBXFileReference; fileEncoding = 4; lastKnownFileType = sourcecode.c.h; path = "UIColor+HEX.h"; sourceTree = "<group>"; };
		CD355DB41D76BF6F00AADBBC /* UIColor+HEX.m */ = {isa = PBXFileReference; fileEncoding = 4; lastKnownFileType = sourcecode.c.objc; path = "UIColor+HEX.m"; sourceTree = "<group>"; };
		CD355DBC1D76BFAB00AADBBC /* SXRichViewEdit.h */ = {isa = PBXFileReference; fileEncoding = 4; lastKnownFileType = sourcecode.c.h; path = SXRichViewEdit.h; sourceTree = "<group>"; };
		CD355DBD1D76BFAB00AADBBC /* SXRichViewEdit.m */ = {isa = PBXFileReference; fileEncoding = 4; lastKnownFileType = sourcecode.c.objc; path = SXRichViewEdit.m; sourceTree = "<group>"; };
		CD355DBF1D76CA1A00AADBBC /* NSJSON+Extension.h */ = {isa = PBXFileReference; fileEncoding = 4; lastKnownFileType = sourcecode.c.h; path = "NSJSON+Extension.h"; sourceTree = "<group>"; };
		CD355DC01D76CA1A00AADBBC /* NSJSON+Extension.m */ = {isa = PBXFileReference; fileEncoding = 4; lastKnownFileType = sourcecode.c.objc; path = "NSJSON+Extension.m"; sourceTree = "<group>"; };
/* End PBXFileReference section */

/* Begin PBXFrameworksBuildPhase section */
		CD355D8B1D76BE3900AADBBC /* Frameworks */ = {
			isa = PBXFrameworksBuildPhase;
			buildActionMask = 2147483647;
			files = (
			);
			runOnlyForDeploymentPostprocessing = 0;
		};
/* End PBXFrameworksBuildPhase section */

/* Begin PBXGroup section */
		CD355D851D76BE3900AADBBC = {
			isa = PBXGroup;
			children = (
				CD355D901D76BE3900AADBBC /* Demo */,
				CD355D8F1D76BE3900AADBBC /* Products */,
			);
			sourceTree = "<group>";
		};
		CD355D8F1D76BE3900AADBBC /* Products */ = {
			isa = PBXGroup;
			children = (
				CD355D8E1D76BE3900AADBBC /* Demo.app */,
			);
			name = Products;
			sourceTree = "<group>";
		};
		CD355D901D76BE3900AADBBC /* Demo */ = {
			isa = PBXGroup;
			children = (
				CD355D941D76BE3900AADBBC /* AppDelegate.h */,
				CD355D951D76BE3900AADBBC /* AppDelegate.m */,
				CD355DA21D76BE5B00AADBBC /* RootViewController.h */,
				CD355DA31D76BE5B00AADBBC /* RootViewController.m */,
				CD355DA51D76BEEC00AADBBC /* SXRichViewEdit */,
				CD355D971D76BE3900AADBBC /* Assets.xcassets */,
				CD355D991D76BE3900AADBBC /* LaunchScreen.storyboard */,
				CD355D9C1D76BE3900AADBBC /* Info.plist */,
				CD355D911D76BE3900AADBBC /* Supporting Files */,
			);
			path = Demo;
			sourceTree = "<group>";
		};
		CD355D911D76BE3900AADBBC /* Supporting Files */ = {
			isa = PBXGroup;
			children = (
				CD355D921D76BE3900AADBBC /* main.m */,
			);
			name = "Supporting Files";
			sourceTree = "<group>";
		};
		CD355DA51D76BEEC00AADBBC /* SXRichViewEdit */ = {
			isa = PBXGroup;
			children = (
				CD355DBF1D76CA1A00AADBBC /* NSJSON+Extension.h */,
				CD355DC01D76CA1A00AADBBC /* NSJSON+Extension.m */,
				CD355DA61D76BF6F00AADBBC /* ArchiveFile.h */,
				CD355DA71D76BF6F00AADBBC /* ArchiveFile.m */,
				CD355DA81D76BF6F00AADBBC /* ImageTextAttachment.h */,
				CD355DA91D76BF6F00AADBBC /* ImageTextAttachment.m */,
				CD355DAA1D76BF6F00AADBBC /* NSAttributedString+html.h */,
				CD355DAB1D76BF6F00AADBBC /* NSAttributedString+html.m */,
				CD355DAC1D76BF6F00AADBBC /* NSAttributedString+RichText.h */,
				CD355DAD1D76BF6F00AADBBC /* NSAttributedString+RichText.m */,
				CD355DAE1D76BF6F00AADBBC /* NSString+Regular.h */,
				CD355DAF1D76BF6F00AADBBC /* NSString+Regular.m */,
				CD355DB01D76BF6F00AADBBC /* PictureModel.h */,
				CD355DB11D76BF6F00AADBBC /* PictureModel.m */,
				CD355DB21D76BF6F00AADBBC /* SXRich.h */,
				CD355DB31D76BF6F00AADBBC /* UIColor+HEX.h */,
				CD355DB41D76BF6F00AADBBC /* UIColor+HEX.m */,
				CD355DBC1D76BFAB00AADBBC /* SXRichViewEdit.h */,
				CD355DBD1D76BFAB00AADBBC /* SXRichViewEdit.m */,
			);
			path = SXRichViewEdit;
			sourceTree = "<group>";
		};
/* End PBXGroup section */

/* Begin PBXNativeTarget section */
		CD355D8D1D76BE3900AADBBC /* Demo */ = {
			isa = PBXNativeTarget;
			buildConfigurationList = CD355D9F1D76BE3900AADBBC /* Build configuration list for PBXNativeTarget "Demo" */;
			buildPhases = (
				CD355D8A1D76BE3900AADBBC /* Sources */,
				CD355D8B1D76BE3900AADBBC /* Frameworks */,
				CD355D8C1D76BE3900AADBBC /* Resources */,
			);
			buildRules = (
			);
			dependencies = (
			);
			name = Demo;
			productName = Demo;
			productReference = CD355D8E1D76BE3900AADBBC /* Demo.app */;
			productType = "com.apple.product-type.application";
		};
/* End PBXNativeTarget section */

/* Begin PBXProject section */
		CD355D861D76BE3900AADBBC /* Project object */ = {
			isa = PBXProject;
			attributes = {
				LastUpgradeCheck = 0730;
				ORGANIZATIONNAME = "https://github.com/poos";
				TargetAttributes = {
					CD355D8D1D76BE3900AADBBC = {
						CreatedOnToolsVersion = 7.3.1;
						DevelopmentTeam = TJ56QRL59S;
					};
				};
			};
			buildConfigurationList = CD355D891D76BE3900AADBBC /* Build configuration list for PBXProject "Demo" */;
			compatibilityVersion = "Xcode 3.2";
			developmentRegion = English;
			hasScannedForEncodings = 0;
			knownRegions = (
				en,
				Base,
			);
			mainGroup = CD355D851D76BE3900AADBBC;
			productRefGroup = CD355D8F1D76BE3900AADBBC /* Products */;
			projectDirPath = "";
			projectRoot = "";
			targets = (
				CD355D8D1D76BE3900AADBBC /* Demo */,
			);
		};
/* End PBXProject section */

/* Begin PBXResourcesBuildPhase section */
		CD355D8C1D76BE3900AADBBC /* Resources */ = {
			isa = PBXResourcesBuildPhase;
			buildActionMask = 2147483647;
			files = (
				CD355D981D76BE3900AADBBC /* Assets.xcassets in Resources */,
				CD355D9B1D76BE3900AADBBC /* LaunchScreen.storyboard in Resources */,
			);
			runOnlyForDeploymentPostprocessing = 0;
		};
/* End PBXResourcesBuildPhase section */

/* Begin PBXSourcesBuildPhase section */
		CD355D8A1D76BE3900AADBBC /* Sources */ = {
			isa = PBXSourcesBuildPhase;
			buildActionMask = 2147483647;
			files = (
				CD355D961D76BE3900AADBBC /* AppDelegate.m in Sources */,
				CD355DBA1D76BF6F00AADBBC /* PictureModel.m in Sources */,
				CD355DBE1D76BFAB00AADBBC /* SXRichViewEdit.m in Sources */,
				CD355D931D76BE3900AADBBC /* main.m in Sources */,
				CD355DC31D76CA1A00AADBBC /* NSJSON+Extension.m in Sources */,
				CD355DB91D76BF6F00AADBBC /* NSString+Regular.m in Sources */,
				CD355DB81D76BF6F00AADBBC /* NSAttributedString+RichText.m in Sources */,
				CD355DB71D76BF6F00AADBBC /* NSAttributedString+html.m in Sources */,
				CD355DB51D76BF6F00AADBBC /* ArchiveFile.m in Sources */,
				CD355DB61D76BF6F00AADBBC /* ImageTextAttachment.m in Sources */,
				CD355DA41D76BE5B00AADBBC /* RootViewController.m in Sources */,
				CD355DBB1D76BF6F00AADBBC /* UIColor+HEX.m in Sources */,
			);
			runOnlyForDeploymentPostprocessing = 0;
		};
/* End PBXSourcesBuildPhase section */

/* Begin PBXVariantGroup section */
		CD355D991D76BE3900AADBBC /* LaunchScreen.storyboard */ = {
			isa = PBXVariantGroup;
			children = (
				CD355D9A1D76BE3900AADBBC /* Base */,
			);
			name = LaunchScreen.storyboard;
			sourceTree = "<group>";
		};
/* End PBXVariantGroup section */

/* Begin XCBuildConfiguration section */
		CD355D9D1D76BE3900AADBBC /* Debug */ = {
			isa = XCBuildConfiguration;
			buildSettings = {
				ALWAYS_SEARCH_USER_PATHS = NO;
				CLANG_ANALYZER_NONNULL = YES;
				CLANG_CXX_LANGUAGE_STANDARD = "gnu++0x";
				CLANG_CXX_LIBRARY = "libc++";
				CLANG_ENABLE_MODULES = YES;
				CLANG_ENABLE_OBJC_ARC = YES;
				CLANG_WARN_BOOL_CONVERSION = YES;
				CLANG_WARN_CONSTANT_CONVERSION = YES;
				CLANG_WARN_DIRECT_OBJC_ISA_USAGE = YES_ERROR;
				CLANG_WARN_EMPTY_BODY = YES;
				CLANG_WARN_ENUM_CONVERSION = YES;
				CLANG_WARN_INT_CONVERSION = YES;
				CLANG_WARN_OBJC_ROOT_CLASS = YES_ERROR;
				CLANG_WARN_UNREACHABLE_CODE = YES;
				CLANG_WARN__DUPLICATE_METHOD_MATCH = YES;
				"CODE_SIGN_IDENTITY[sdk=iphoneos*]" = "iPhone Developer";
				COPY_PHASE_STRIP = NO;
				DEBUG_INFORMATION_FORMAT = dwarf;
				ENABLE_STRICT_OBJC_MSGSEND = YES;
				ENABLE_TESTABILITY = YES;
				GCC_C_LANGUAGE_STANDARD = gnu99;
				GCC_DYNAMIC_NO_PIC = NO;
				GCC_NO_COMMON_BLOCKS = YES;
				GCC_OPTIMIZATION_LEVEL = 0;
				GCC_PREPROCESSOR_DEFINITIONS = (
					"DEBUG=1",
					"$(inherited)",
				);
				GCC_WARN_64_TO_32_BIT_CONVERSION = YES;
				GCC_WARN_ABOUT_RETURN_TYPE = YES_ERROR;
				GCC_WARN_UNDECLARED_SELECTOR = YES;
				GCC_WARN_UNINITIALIZED_AUTOS = YES_AGGRESSIVE;
				GCC_WARN_UNUSED_FUNCTION = YES;
				GCC_WARN_UNUSED_VARIABLE = YES;
				IPHONEOS_DEPLOYMENT_TARGET = 9.3;
				MTL_ENABLE_DEBUG_INFO = YES;
				ONLY_ACTIVE_ARCH = YES;
				SDKROOT = iphoneos;
			};
			name = Debug;
		};
		CD355D9E1D76BE3900AADBBC /* Release */ = {
			isa = XCBuildConfiguration;
			buildSettings = {
				ALWAYS_SEARCH_USER_PATHS = NO;
				CLANG_ANALYZER_NONNULL = YES;
				CLANG_CXX_LANGUAGE_STANDARD = "gnu++0x";
				CLANG_CXX_LIBRARY = "libc++";
				CLANG_ENABLE_MODULES = YES;
				CLANG_ENABLE_OBJC_ARC = YES;
				CLANG_WARN_BOOL_CONVERSION = YES;
				CLANG_WARN_CONSTANT_CONVERSION = YES;
				CLANG_WARN_DIRECT_OBJC_ISA_USAGE = YES_ERROR;
				CLANG_WARN_EMPTY_BODY = YES;
				CLANG_WARN_ENUM_CONVERSION = YES;
				CLANG_WARN_INT_CONVERSION = YES;
				CLANG_WARN_OBJC_ROOT_CLASS = YES_ERROR;
				CLANG_WARN_UNREACHABLE_CODE = YES;
				CLANG_WARN__DUPLICATE_METHOD_MATCH = YES;
				"CODE_SIGN_IDENTITY[sdk=iphoneos*]" = "iPhone Developer";
				COPY_PHASE_STRIP = NO;
				DEBUG_INFORMATION_FORMAT = "dwarf-with-dsym";
				ENABLE_NS_ASSERTIONS = NO;
				ENABLE_STRICT_OBJC_MSGSEND = YES;
				GCC_C_LANGUAGE_STANDARD = gnu99;
				GCC_NO_COMMON_BLOCKS = YES;
				GCC_WARN_64_TO_32_BIT_CONVERSION = YES;
				GCC_WARN_ABOUT_RETURN_TYPE = YES_ERROR;
				GCC_WARN_UNDECLARED_SELECTOR = YES;
				GCC_WARN_UNINITIALIZED_AUTOS = YES_AGGRESSIVE;
				GCC_WARN_UNUSED_FUNCTION = YES;
				GCC_WARN_UNUSED_VARIABLE = YES;
				IPHONEOS_DEPLOYMENT_TARGET = 9.3;
				MTL_ENABLE_DEBUG_INFO = NO;
				SDKROOT = iphoneos;
				VALIDATE_PRODUCT = YES;
			};
			name = Release;
		};
		CD355DA01D76BE3900AADBBC /* Debug */ = {
			isa = XCBuildConfiguration;
			buildSettings = {
				ASSETCATALOG_COMPILER_APPICON_NAME = AppIcon;
				CODE_SIGN_IDENTITY = "iPhone Developer";
				INFOPLIST_FILE = Demo/Info.plist;
				LD_RUNPATH_SEARCH_PATHS = "$(inherited) @executable_path/Frameworks";
				PRODUCT_BUNDLE_IDENTIFIER = com.NongLian.Demo;
				PRODUCT_NAME = "$(TARGET_NAME)";
			};
			name = Debug;
		};
		CD355DA11D76BE3900AADBBC /* Release */ = {
			isa = XCBuildConfiguration;
			buildSettings = {
				ASSETCATALOG_COMPILER_APPICON_NAME = AppIcon;
				CODE_SIGN_IDENTITY = "iPhone Developer";
				INFOPLIST_FILE = Demo/Info.plist;
				LD_RUNPATH_SEARCH_PATHS = "$(inherited) @executable_path/Frameworks";
				PRODUCT_BUNDLE_IDENTIFIER = com.NongLian.Demo;
				PRODUCT_NAME = "$(TARGET_NAME)";
			};
			name = Release;
		};
/* End XCBuildConfiguration section */

/* Begin XCConfigurationList section */
		CD355D891D76BE3900AADBBC /* Build configuration list for PBXProject "Demo" */ = {
			isa = XCConfigurationList;
			buildConfigurations = (
				CD355D9D1D76BE3900AADBBC /* Debug */,
				CD355D9E1D76BE3900AADBBC /* Release */,
			);
			defaultConfigurationIsVisible = 0;
			defaultConfigurationName = Release;
		};
		CD355D9F1D76BE3900AADBBC /* Build configuration list for PBXNativeTarget "Demo" */ = {
			isa = XCConfigurationList;
			buildConfigurations = (
				CD355DA01D76BE3900AADBBC /* Debug */,
				CD355DA11D76BE3900AADBBC /* Release */,
			);
			defaultConfigurationIsVisible = 0;
		};
/* End XCConfigurationList section */
	};
	rootObject = CD355D861D76BE3900AADBBC /* Project object */;
}
